{
  "requires": true,
  "lockfileVersion": 1,
  "dependencies": {
    "@ngrx/effects": {
      "version": "2.0.4",
      "resolved": "https://registry.npmjs.org/@ngrx/effects/-/effects-2.0.4.tgz",
      "integrity": "sha1-QY7uXhAy+mbeW78YVWU7sZUfEqQ="
    },
    "@ngrx/router-store": {
      "version": "4.0.4",
      "resolved": "https://registry.npmjs.org/@ngrx/router-store/-/router-store-4.0.4.tgz",
      "integrity": "sha1-q1nzWq6TRlCIOE+vAJ4hsi7dRWo="
    }
  }
}
